// !$*UTF8*$!
{
	archiveVersion = 1;
	classes = {
	};
	objectVersion = 56;
	objects = {

/* Begin PBXBuildFile section */
		73078D852A5E4FE40055A9ED /* AppDelegate.swift in Sources */ = {isa = PBXBuildFile; fileRef = 73078D842A5E4FE40055A9ED /* AppDelegate.swift */; };
		73078D872A5E4FE40055A9ED /* SceneDelegate.swift in Sources */ = {isa = PBXBuildFile; fileRef = 73078D862A5E4FE40055A9ED /* SceneDelegate.swift */; };
		73078D892A5E4FE40055A9ED /* ViewController.swift in Sources */ = {isa = PBXBuildFile; fileRef = 73078D882A5E4FE40055A9ED /* ViewController.swift */; };
		73078D8E2A5E4FE70055A9ED /* Assets.xcassets in Resources */ = {isa = PBXBuildFile; fileRef = 73078D8D2A5E4FE70055A9ED /* Assets.xcassets */; };
		73078D912A5E4FE70055A9ED /* LaunchScreen.storyboard in Resources */ = {isa = PBXBuildFile; fileRef = 73078D8F2A5E4FE70055A9ED /* LaunchScreen.storyboard */; };
		73078D9C2A5E50A10055A9ED /* Story.swift in Sources */ = {isa = PBXBuildFile; fileRef = 73078D9B2A5E50A10055A9ED /* Story.swift */; };
		73078D9E2A5E50C00055A9ED /* StoryBrain.swift in Sources */ = {isa = PBXBuildFile; fileRef = 73078D9D2A5E50C00055A9ED /* StoryBrain.swift */; };
		73078DA12A5E51C50055A9ED /* Main.storyboard in Resources */ = {isa = PBXBuildFile; fileRef = 73078D9F2A5E51C50055A9ED /* Main.storyboard */; };
/* End PBXBuildFile section */

/* Begin PBXFileReference section */
		73078D812A5E4FE40055A9ED /* StoryTeller.app */ = {isa = PBXFileReference; explicitFileType = wrapper.application; includeInIndex = 0; path = StoryTeller.app; sourceTree = BUILT_PRODUCTS_DIR; };
		73078D842A5E4FE40055A9ED /* AppDelegate.swift */ = {isa = PBXFileReference; lastKnownFileType = sourcecode.swift; path = AppDelegate.swift; sourceTree = "<group>"; };
		73078D862A5E4FE40055A9ED /* SceneDelegate.swift */ = {isa = PBXFileReference; lastKnownFileType = sourcecode.swift; path = SceneDelegate.swift; sourceTree = "<group>"; };
		73078D882A5E4FE40055A9ED /* ViewController.swift */ = {isa = PBXFileReference; lastKnownFileType = sourcecode.swift; path = ViewController.swift; sourceTree = "<group>"; };
		73078D8D2A5E4FE70055A9ED /* Assets.xcassets */ = {isa = PBXFileReference; lastKnownFileType = folder.assetcatalog; path = Assets.xcassets; sourceTree = "<group>"; };
		73078D902A5E4FE70055A9ED /* Base */ = {isa = PBXFileReference; lastKnownFileType = file.storyboard; name = Base; path = Base.lproj/LaunchScreen.storyboard; sourceTree = "<group>"; };
		73078D922A5E4FE70055A9ED /* Info.plist */ = {isa = PBXFileReference; lastKnownFileType = text.plist.xml; path = Info.plist; sourceTree = "<group>"; };
		73078D9B2A5E50A10055A9ED /* Story.swift */ = {isa = PBXFileReference; lastKnownFileType = sourcecode.swift; path = Story.swift; sourceTree = "<group>"; };
		73078D9D2A5E50C00055A9ED /* StoryBrain.swift */ = {isa = PBXFileReference; lastKnownFileType = sourcecode.swift; path = StoryBrain.swift; sourceTree = "<group>"; };
		73078DA02A5E51C50055A9ED /* Base */ = {isa = PBXFileReference; lastKnownFileType = file.storyboard; name = Base; path = "../../../../../Documents/Destini-iOS13/Destini-iOS13/View/Base.lproj/Main.storyboard"; sourceTree = "<group>"; };
/* End PBXFileReference section */

/* Begin PBXFrameworksBuildPhase section */
		73078D7E2A5E4FE40055A9ED /* Frameworks */ = {
			isa = PBXFrameworksBuildPhase;
			buildActionMask = 2147483647;
			files = (
			);
			runOnlyForDeploymentPostprocessing = 0;
		};
/* End PBXFrameworksBuildPhase section */

/* Begin PBXGroup section */
		73078D782A5E4FE40055A9ED = {
			isa = PBXGroup;
			children = (
				73078D832A5E4FE40055A9ED /* StoryTeller */,
				73078D822A5E4FE40055A9ED /* Products */,
			);
			sourceTree = "<group>";
		};
		73078D822A5E4FE40055A9ED /* Products */ = {
			isa = PBXGroup;
			children = (
				73078D812A5E4FE40055A9ED /* StoryTeller.app */,
			);
			name = Products;
			sourceTree = "<group>";
		};
		73078D832A5E4FE40055A9ED /* StoryTeller */ = {
			isa = PBXGroup;
			children = (
				73078D9A2A5E501D0055A9ED /* Controller */,
				73078D992A5E50180055A9ED /* View */,
				73078D982A5E500E0055A9ED /* Model */,
				73078D842A5E4FE40055A9ED /* AppDelegate.swift */,
				73078D862A5E4FE40055A9ED /* SceneDelegate.swift */,
				73078D8D2A5E4FE70055A9ED /* Assets.xcassets */,
				73078D8F2A5E4FE70055A9ED /* LaunchScreen.storyboard */,
				73078D922A5E4FE70055A9ED /* Info.plist */,
			);
			path = StoryTeller;
			sourceTree = "<group>";
		};
		73078D982A5E500E0055A9ED /* Model */ = {
			isa = PBXGroup;
			children = (
				73078D9B2A5E50A10055A9ED /* Story.swift */,
				73078D9D2A5E50C00055A9ED /* StoryBrain.swift */,
			);
			path = Model;
			sourceTree = "<group>";
		};
		73078D992A5E50180055A9ED /* View */ = {
			isa = PBXGroup;
			children = (
				73078D9F2A5E51C50055A9ED /* Main.storyboard */,
			);
			path = View;
			sourceTree = "<group>";
		};
		73078D9A2A5E501D0055A9ED /* Controller */ = {
			isa = PBXGroup;
			children = (
				73078D882A5E4FE40055A9ED /* ViewController.swift */,
			);
			path = Controller;
			sourceTree = "<group>";
		};
/* End PBXGroup section */

/* Begin PBXNativeTarget section */
		73078D802A5E4FE40055A9ED /* StoryTeller */ = {
			isa = PBXNativeTarget;
			buildConfigurationList = 73078D952A5E4FE70055A9ED /* Build configuration list for PBXNativeTarget "StoryTeller" */;
			buildPhases = (
				73078D7D2A5E4FE40055A9ED /* Sources */,
				73078D7E2A5E4FE40055A9ED /* Frameworks */,
				73078D7F2A5E4FE40055A9ED /* Resources */,
			);
			buildRules = (
			);
			dependencies = (
			);
			name = StoryTeller;
			productName = StoryTeller;
			productReference = 73078D812A5E4FE40055A9ED /* StoryTeller.app */;
			productType = "com.apple.product-type.application";
		};
/* End PBXNativeTarget section */

/* Begin PBXProject section */
		73078D792A5E4FE40055A9ED /* Project object */ = {
			isa = PBXProject;
			attributes = {
				BuildIndependentTargetsInParallel = 1;
				LastSwiftUpdateCheck = 1430;
				LastUpgradeCheck = 1430;
				TargetAttributes = {
					73078D802A5E4FE40055A9ED = {
						CreatedOnToolsVersion = 14.3.1;
					};
				};
			};
			buildConfigurationList = 73078D7C2A5E4FE40055A9ED /* Build configuration list for PBXProject "StoryTeller" */;
			compatibilityVersion = "Xcode 14.0";
			developmentRegion = en;
			hasScannedForEncodings = 0;
			knownRegions = (
				en,
				Base,
			);
			mainGroup = 73078D782A5E4FE40055A9ED;
			productRefGroup = 73078D822A5E4FE40055A9ED /* Products */;
			projectDirPath = "";
			projectRoot = "";
			targets = (
				73078D802A5E4FE40055A9ED /* StoryTeller */,
			);
		};
/* End PBXProject section */

/* Begin PBXResourcesBuildPhase section */
		73078D7F2A5E4FE40055A9ED /* Resources */ = {
			isa = PBXResourcesBuildPhase;
			buildActionMask = 2147483647;
			files = (
				73078D912A5E4FE70055A9ED /* LaunchScreen.storyboard in Resources */,
				73078D8E2A5E4FE70055A9ED /* Assets.xcassets in Resources */,
				73078DA12A5E51C50055A9ED /* Main.storyboard in Resources */,
			);
			runOnlyForDeploymentPostprocessing = 0;
		};
/* End PBXResourcesBuildPhase section */

/* Begin PBXSourcesBuildPhase section */
		73078D7D2A5E4FE40055A9ED /* Sources */ = {
			isa = PBXSourcesBuildPhase;
			buildActionMask = 2147483647;
			files = (
				73078D9E2A5E50C00055A9ED /* StoryBrain.swift in Sources */,
				73078D892A5E4FE40055A9ED /* ViewController.swift in Sources */,
				73078D852A5E4FE40055A9ED /* AppDelegate.swift in Sources */,
				73078D872A5E4FE40055A9ED /* SceneDelegate.swift in Sources */,
				73078D9C2A5E50A10055A9ED /* Story.swift in Sources */,
			);
			runOnlyForDeploymentPostprocessing = 0;
		};
/* End PBXSourcesBuildPhase section */

/* Begin PBXVariantGroup section */
		73078D8F2A5E4FE70055A9ED /* LaunchScreen.storyboard */ = {
			isa = PBXVariantGroup;
			children = (
				73078D902A5E4FE70055A9ED /* Base */,
			);
			name = LaunchScreen.storyboard;
			sourceTree = "<group>";
		};
		73078D9F2A5E51C50055A9ED /* Main.storyboard */ = {
			isa = PBXVariantGroup;
			children = (
				73078DA02A5E51C50055A9ED /* Base */,
			);
			name = Main.storyboard;
			sourceTree = "<group>";
		};
/* End PBXVariantGroup section */

/* Begin XCBuildConfiguration section */
		73078D932A5E4FE70055A9ED /* Debug */ = {
			isa = XCBuildConfiguration;
			buildSettings = {
				ALWAYS_SEARCH_USER_PATHS = NO;
				CLANG_ANALYZER_NONNULL = YES;
				CLANG_ANALYZER_NUMBER_OBJECT_CONVERSION = YES_AGGRESSIVE;
				CLANG_CXX_LANGUAGE_STANDARD = "gnu++20";
				CLANG_ENABLE_MODULES = YES;
				CLANG_ENABLE_OBJC_ARC = YES;
				CLANG_ENABLE_OBJC_WEAK = YES;
				CLANG_WARN_BLOCK_CAPTURE_AUTORELEASING = YES;
				CLANG_WARN_BOOL_CONVERSION = YES;
				CLANG_WARN_COMMA = YES;
				CLANG_WARN_CONSTANT_CONVERSION = YES;
				CLANG_WARN_DEPRECATED_OBJC_IMPLEMENTATIONS = YES;
				CLANG_WARN_DIRECT_OBJC_ISA_USAGE = YES_ERROR;
				CLANG_WARN_DOCUMENTATION_COMMENTS = YES;
				CLANG_WARN_EMPTY_BODY = YES;
				CLANG_WARN_ENUM_CONVERSION = YES;
				CLANG_WARN_INFINITE_RECURSION = YES;
				CLANG_WARN_INT_CONVERSION = YES;
				CLANG_WARN_NON_LITERAL_NULL_CONVERSION = YES;
				CLANG_WARN_OBJC_IMPLICIT_RETAIN_SELF = YES;
				CLANG_WARN_OBJC_LITERAL_CONVERSION = YES;
				CLANG_WARN_OBJC_ROOT_CLASS = YES_ERROR;
				CLANG_WARN_QUOTED_INCLUDE_IN_FRAMEWORK_HEADER = YES;
				CLANG_WARN_RANGE_LOOP_ANALYSIS = YES;
				CLANG_WARN_STRICT_PROTOTYPES = YES;
				CLANG_WARN_SUSPICIOUS_MOVE = YES;
				CLANG_WARN_UNGUARDED_AVAILABILITY = YES_AGGRESSIVE;
				CLANG_WARN_UNREACHABLE_CODE = YES;
				CLANG_WARN__DUPLICATE_METHOD_MATCH = YES;
				COPY_PHASE_STRIP = NO;
				DEBUG_INFORMATION_FORMAT = dwarf;
				ENABLE_STRICT_OBJC_MSGSEND = YES;
				ENABLE_TESTABILITY = YES;
				GCC_C_LANGUAGE_STANDARD = gnu11;
				GCC_DYNAMIC_NO_PIC = NO;
				GCC_NO_COMMON_BLOCKS = YES;
				GCC_OPTIMIZATION_LEVEL = 0;
				GCC_PREPROCESSOR_DEFINITIONS = (
					"DEBUG=1",
					"$(inherited)",
				);
				GCC_WARN_64_TO_32_BIT_CONVERSION = YES;
				GCC_WARN_ABOUT_RETURN_TYPE = YES_ERROR;
				GCC_WARN_UNDECLARED_SELECTOR = YES;
				GCC_WARN_UNINITIALIZED_AUTOS = YES_AGGRESSIVE;
				GCC_WARN_UNUSED_FUNCTION = YES;
				GCC_WARN_UNUSED_VARIABLE = YES;
				IPHONEOS_DEPLOYMENT_TARGET = 16.4;
				MTL_ENABLE_DEBUG_INFO = INCLUDE_SOURCE;
				MTL_FAST_MATH = YES;
				ONLY_ACTIVE_ARCH = YES;
				SDKROOT = iphoneos;
				SWIFT_ACTIVE_COMPILATION_CONDITIONS = DEBUG;
				SWIFT_OPTIMIZATION_LEVEL = "-Onone";
			};
			name = Debug;
		};
		73078D942A5E4FE70055A9ED /* Release */ = {
			isa = XCBuildConfiguration;
			buildSettings = {
				ALWAYS_SEARCH_USER_PATHS = NO;
				CLANG_ANALYZER_NONNULL = YES;
				CLANG_ANALYZER_NUMBER_OBJECT_CONVERSION = YES_AGGRESSIVE;
				CLANG_CXX_LANGUAGE_STANDARD = "gnu++20";
				CLANG_ENABLE_MODULES = YES;
				CLANG_ENABLE_OBJC_ARC = YES;
				CLANG_ENABLE_OBJC_WEAK = YES;
				CLANG_WARN_BLOCK_CAPTURE_AUTORELEASING = YES;
				CLANG_WARN_BOOL_CONVERSION = YES;
				CLANG_WARN_COMMA = YES;
				CLANG_WARN_CONSTANT_CONVERSION = YES;
				CLANG_WARN_DEPRECATED_OBJC_IMPLEMENTATIONS = YES;
				CLANG_WARN_DIRECT_OBJC_ISA_USAGE = YES_ERROR;
				CLANG_WARN_DOCUMENTATION_COMMENTS = YES;
				CLANG_WARN_EMPTY_BODY = YES;
				CLANG_WARN_ENUM_CONVERSION = YES;
				CLANG_WARN_INFINITE_RECURSION = YES;
				CLANG_WARN_INT_CONVERSION = YES;
				CLANG_WARN_NON_LITERAL_NULL_CONVERSION = YES;
				CLANG_WARN_OBJC_IMPLICIT_RETAIN_SELF = YES;
				CLANG_WARN_OBJC_LITERAL_CONVERSION = YES;
				CLANG_WARN_OBJC_ROOT_CLASS = YES_ERROR;
				CLANG_WARN_QUOTED_INCLUDE_IN_FRAMEWORK_HEADER = YES;
				CLANG_WARN_RANGE_LOOP_ANALYSIS = YES;
				CLANG_WARN_STRICT_PROTOTYPES = YES;
				CLANG_WARN_SUSPICIOUS_MOVE = YES;
				CLANG_WARN_UNGUARDED_AVAILABILITY = YES_AGGRESSIVE;
				CLANG_WARN_UNREACHABLE_CODE = YES;
				CLANG_WARN__DUPLICATE_METHOD_MATCH = YES;
				COPY_PHASE_STRIP = NO;
				DEBUG_INFORMATION_FORMAT = "dwarf-with-dsym";
				ENABLE_NS_ASSERTIONS = NO;
				ENABLE_STRICT_OBJC_MSGSEND = YES;
				GCC_C_LANGUAGE_STANDARD = gnu11;
				GCC_NO_COMMON_BLOCKS = YES;
				GCC_WARN_64_TO_32_BIT_CONVERSION = YES;
				GCC_WARN_ABOUT_RETURN_TYPE = YES_ERROR;
				GCC_WARN_UNDECLARED_SELECTOR = YES;
				GCC_WARN_UNINITIALIZED_AUTOS = YES_AGGRESSIVE;
				GCC_WARN_UNUSED_FUNCTION = YES;
				GCC_WARN_UNUSED_VARIABLE = YES;
				IPHONEOS_DEPLOYMENT_TARGET = 16.4;
				MTL_ENABLE_DEBUG_INFO = NO;
				MTL_FAST_MATH = YES;
				SDKROOT = iphoneos;
				SWIFT_COMPILATION_MODE = wholemodule;
				SWIFT_OPTIMIZATION_LEVEL = "-O";
				VALIDATE_PRODUCT = YES;
			};
			name = Release;
		};
		73078D962A5E4FE70055A9ED /* Debug */ = {
			isa = XCBuildConfiguration;
			buildSettings = {
				ASSETCATALOG_COMPILER_APPICON_NAME = AppIcon;
				ASSETCATALOG_COMPILER_GLOBAL_ACCENT_COLOR_NAME = AccentColor;
				CODE_SIGN_STYLE = Automatic;
				CURRENT_PROJECT_VERSION = 1;
				DEVELOPMENT_TEAM = K2KSVU7AVG;
				GENERATE_INFOPLIST_FILE = YES;
				INFOPLIST_FILE = StoryTeller/Info.plist;
				INFOPLIST_KEY_UIApplicationSupportsIndirectInputEvents = YES;
				INFOPLIST_KEY_UILaunchStoryboardName = LaunchScreen;
				INFOPLIST_KEY_UIMainStoryboardFile = Main;
				INFOPLIST_KEY_UISupportedInterfaceOrientations_iPad = "UIInterfaceOrientationPortrait UIInterfaceOrientationPortraitUpsideDown UIInterfaceOrientationLandscapeLeft UIInterfaceOrientationLandscapeRight";
				INFOPLIST_KEY_UISupportedInterfaceOrientations_iPhone = "UIInterfaceOrientationPortrait UIInterfaceOrientationLandscapeLeft UIInterfaceOrientationLandscapeRight";
				LD_RUNPATH_SEARCH_PATHS = (
					"$(inherited)",
					"@executable_path/Frameworks",
				);
				MARKETING_VERSION = 1.0;
				PRODUCT_BUNDLE_IDENTIFIER = com.dev.charlenegipulan.StoryTeller;
				PRODUCT_NAME = "$(TARGET_NAME)";
				SWIFT_EMIT_LOC_STRINGS = YES;
				SWIFT_VERSION = 5.0;
				TARGETED_DEVICE_FAMILY = "1,2";
			};
			name = Debug;
		};
		73078D972A5E4FE70055A9ED /* Release */ = {
			isa = XCBuildConfiguration;
			buildSettings = {
				ASSETCATALOG_COMPILER_APPICON_NAME = AppIcon;
				ASSETCATALOG_COMPILER_GLOBAL_ACCENT_COLOR_NAME = AccentColor;
				CODE_SIGN_STYLE = Automatic;
				CURRENT_PROJECT_VERSION = 1;
				DEVELOPMENT_TEAM = K2KSVU7AVG;
				GENERATE_INFOPLIST_FILE = YES;
				INFOPLIST_FILE = StoryTeller/Info.plist;
				INFOPLIST_KEY_UIApplicationSupportsIndirectInputEvents = YES;
				INFOPLIST_KEY_UILaunchStoryboardName = LaunchScreen;
				INFOPLIST_KEY_UIMainStoryboardFile = Main;
				INFOPLIST_KEY_UISupportedInterfaceOrientations_iPad = "UIInterfaceOrientationPortrait UIInterfaceOrientationPortraitUpsideDown UIInterfaceOrientationLandscapeLeft UIInterfaceOrientationLandscapeRight";
				INFOPLIST_KEY_UISupportedInterfaceOrientations_iPhone = "UIInterfaceOrientationPortrait UIInterfaceOrientationLandscapeLeft UIInterfaceOrientationLandscapeRight";
				LD_RUNPATH_SEARCH_PATHS = (
					"$(inherited)",
					"@executable_path/Frameworks",
				);
				MARKETING_VERSION = 1.0;
				PRODUCT_BUNDLE_IDENTIFIER = com.dev.charlenegipulan.StoryTeller;
				PRODUCT_NAME = "$(TARGET_NAME)";
				SWIFT_EMIT_LOC_STRINGS = YES;
				SWIFT_VERSION = 5.0;
				TARGETED_DEVICE_FAMILY = "1,2";
			};
			name = Release;
		};
/* End XCBuildConfiguration section */

/* Begin XCConfigurationList section */
		73078D7C2A5E4FE40055A9ED /* Build configuration list for PBXProject "StoryTeller" */ = {
			isa = XCConfigurationList;
			buildConfigurations = (
				73078D932A5E4FE70055A9ED /* Debug */,
				73078D942A5E4FE70055A9ED /* Release */,
			);
			defaultConfigurationIsVisible = 0;
			defaultConfigurationName = Release;
		};
		73078D952A5E4FE70055A9ED /* Build configuration list for PBXNativeTarget "StoryTeller" */ = {
			isa = XCConfigurationList;
			buildConfigurations = (
				73078D962A5E4FE70055A9ED /* Debug */,
				73078D972A5E4FE70055A9ED /* Release */,
			);
			defaultConfigurationIsVisible = 0;
			defaultConfigurationName = Release;
		};
/* End XCConfigurationList section */
	};
	rootObject = 73078D792A5E4FE40055A9ED /* Project object */;
}
